{
  "version": 4,
  "terraform_version": "1.1.4",
  "serial": 13,
  "lineage": "18dfcf1e-e8f7-8e58-b037-8006be32cb33",
  "outputs": {
    "external_ip_address_vm_1": {
      "value": "51.250.6.47",
      "type": "string"
    },
    "external_ip_address_vm_2": {
      "value": "51.250.14.244",
      "type": "string"
    },
    "internal_ip_address_vm_1": {
      "value": "192.168.10.15",
      "type": "string"
    },
    "internal_ip_address_vm_2": {
      "value": "192.168.10.20",
      "type": "string"
    }
  },
  "resources": [
    {
      "mode": "managed",
      "type": "yandex_vpc_network",
      "name": "network",
      "provider": "provider[\"registry.terraform.io/yandex-cloud/yandex\"]",
      "instances": [
        {
          "schema_version": 0,
          "attributes": {
            "created_at": "2022-01-23T20:36:41Z",
            "default_security_group_id": "",
            "description": "",
            "folder_id": "b1gp5oebhimfn6tvrb5k",
            "id": "enpd9a5jhpqe4lmv62dq",
            "labels": {},
            "name": "network",
            "subnet_ids": [
              "e2l2a8kaun4gs4i4n3nd",
              "e9b6up3c80ggip8u553l"
            ],
            "timeouts": null
          },
          "sensitive_attributes": [],
          "private": "eyJlMmJmYjczMC1lY2FhLTExZTYtOGY4OC0zNDM2M2JjN2M0YzAiOnsiY3JlYXRlIjo2MDAwMDAwMDAwMCwiZGVsZXRlIjo2MDAwMDAwMDAwMCwidXBkYXRlIjo2MDAwMDAwMDAwMH19"
        }
      ]
    },
    {
      "mode": "managed",
      "type": "yandex_vpc_subnet",
      "name": "subnet1",
      "provider": "provider[\"registry.terraform.io/yandex-cloud/yandex\"]",
      "instances": [
        {
          "schema_version": 0,
          "attributes": {
            "created_at": "2022-01-23T20:36:42Z",
            "description": "",
            "dhcp_options": [],
            "folder_id": "b1gp5oebhimfn6tvrb5k",
            "id": "e9b6up3c80ggip8u553l",
            "labels": {},
            "name": "subnet1",
            "network_id": "enpd9a5jhpqe4lmv62dq",
            "route_table_id": "",
            "timeouts": null,
            "v4_cidr_blocks": [
              "192.168.10.0/24"
            ],
            "v6_cidr_blocks": [],
            "zone": "ru-central1-a"
          },
          "sensitive_attributes": [],
          "private": "eyJlMmJmYjczMC1lY2FhLTExZTYtOGY4OC0zNDM2M2JjN2M0YzAiOnsiY3JlYXRlIjoxODAwMDAwMDAwMDAsImRlbGV0ZSI6MTgwMDAwMDAwMDAwLCJ1cGRhdGUiOjE4MDAwMDAwMDAwMH19",
          "dependencies": [
            "yandex_vpc_network.network"
          ]
        }
      ]
    },
    {
      "mode": "managed",
      "type": "yandex_vpc_subnet",
      "name": "subnet2",
      "provider": "provider[\"registry.terraform.io/yandex-cloud/yandex\"]",
      "instances": [
        {
          "schema_version": 0,
          "attributes": {
            "created_at": "2022-01-23T20:36:42Z",
            "description": "",
            "dhcp_options": [],
            "folder_id": "b1gp5oebhimfn6tvrb5k",
            "id": "e2l2a8kaun4gs4i4n3nd",
            "labels": {},
            "name": "subnet2",
            "network_id": "enpd9a5jhpqe4lmv62dq",
            "route_table_id": "",
            "timeouts": null,
            "v4_cidr_blocks": [
              "192.168.11.0/24"
            ],
            "v6_cidr_blocks": [],
            "zone": "ru-central1-b"
          },
          "sensitive_attributes": [],
          "private": "eyJlMmJmYjczMC1lY2FhLTExZTYtOGY4OC0zNDM2M2JjN2M0YzAiOnsiY3JlYXRlIjoxODAwMDAwMDAwMDAsImRlbGV0ZSI6MTgwMDAwMDAwMDAwLCJ1cGRhdGUiOjE4MDAwMDAwMDAwMH19",
          "dependencies": [
            "yandex_vpc_network.network"
          ]
        }
      ]
    },
    {
      "module": "module.ya_instance_1",
      "mode": "data",
      "type": "yandex_compute_image",
      "name": "my_image",
      "provider": "provider[\"registry.terraform.io/yandex-cloud/yandex\"]",
      "instances": [
        {
          "schema_version": 0,
          "attributes": {
            "created_at": "2022-01-17T10:37:48Z",
            "description": "LEMP",
            "family": "lemp",
            "folder_id": "standard-images",
            "id": "fd81eojlajq6adbjiu54",
            "image_id": "fd81eojlajq6adbjiu54",
            "labels": {},
            "min_disk_size": 3,
            "name": "lemp-v20220117",
            "os_type": "linux",
            "product_ids": [
              "f2e39q3imckcs9g72dgh",
              "f2edagcg7bq833qm9j6u"
            ],
            "size": 2,
            "status": "ready"
          },
          "sensitive_attributes": []
        }
      ]
    },
    {
      "module": "module.ya_instance_1",
      "mode": "managed",
      "type": "yandex_compute_instance",
      "name": "vm",
      "provider": "provider[\"registry.terraform.io/yandex-cloud/yandex\"]",
      "instances": [
        {
          "schema_version": 1,
          "attributes": {
            "allow_stopping_for_update": null,
            "boot_disk": [
              {
                "auto_delete": true,
                "device_name": "fhmmhukm1apdl7e7nmg9",
                "disk_id": "fhmmhukm1apdl7e7nmg9",
                "initialize_params": [
                  {
                    "description": "",
                    "image_id": "fd81eojlajq6adbjiu54",
                    "name": "",
                    "size": 3,
                    "snapshot_id": "",
                    "type": "network-hdd"
                  }
                ],
                "mode": "READ_WRITE"
              }
            ],
            "created_at": "2022-01-23T20:36:43Z",
            "description": "",
            "folder_id": "b1gp5oebhimfn6tvrb5k",
            "fqdn": "fhm1tc1ubosln1pco7ut.auto.internal",
            "hostname": "fhm1tc1ubosln1pco7ut",
            "id": "fhm1tc1ubosln1pco7ut",
            "labels": {},
            "metadata": {
              "ssh-keys": "ubuntu:ssh-rsa AAAAB3NzaC1yc2EAAAADAQABAAABgQC5DsxusK6jfsI/vq9B7SqGJEp03qRiSeRrFUNLdIBR1O/XJfLWsTCjCRIawrcteW5tc3KQSYZwLx35PsbwTRtRjsCEersCfa33N8xHlxVe+Yts6rkH3JBrdSM0KFmU7rtJsVLYT37++cpOLn76ERIWa346V69ESPiMVpP+SvyZ7pHGzM/aJV0sBOx2ec/3R0F2bfOIpqYwvCT1o1U1bKdncI4eMwgOdwUNivPpY9L5MERWj3A4w0otc2RpV/1xc/VWFyGLJUpqyCGAbysh+8+XRU7rOqZ7Y3J+VJn9H3CafnAxRkOTLL7tGOu4Gozk4MEC40iNoqwskbM1nVxtp57T8OuHrsj+t5RCXB1fFvz5DTJ4JnO3hS49SO+Jutw+UwcF2nAHAgTYp0qra+2M33mpS8JZk6OO3xXJR9QGxCgFB/zem7fC/LG8Sva5TBaaY3K4vQahIHbHdS93HwYP8AO5BATThxUkIuw7jT/HTUeeCD37m99wutpylq5EKphBZ3k= ilia@winnie\n"
            },
            "name": "terraform-lemp",
            "network_acceleration_type": "standard",
            "network_interface": [
              {
                "dns_record": [],
                "index": 0,
                "ip_address": "192.168.10.15",
                "ipv4": true,
                "ipv6": false,
                "ipv6_address": "",
                "ipv6_dns_record": [],
                "mac_address": "d0:0d:1e:b0:3e:5e",
                "nat": true,
                "nat_dns_record": [],
                "nat_ip_address": "51.250.6.47",
                "nat_ip_version": "IPV4",
                "security_group_ids": [],
                "subnet_id": "e9b6up3c80ggip8u553l"
              }
            ],
            "placement_policy": [
              {
                "placement_group_id": ""
              }
            ],
            "platform_id": "standard-v1",
            "resources": [
              {
                "core_fraction": 100,
                "cores": 2,
                "gpus": 0,
                "memory": 2
              }
            ],
            "scheduling_policy": [
              {
                "preemptible": false
              }
            ],
            "secondary_disk": [],
            "service_account_id": "",
            "status": "running",
            "timeouts": null,
            "zone": "ru-central1-a"
          },
          "sensitive_attributes": [],
          "private": "eyJlMmJmYjczMC1lY2FhLTExZTYtOGY4OC0zNDM2M2JjN2M0YzAiOnsiY3JlYXRlIjozMDAwMDAwMDAwMDAsImRlbGV0ZSI6MzAwMDAwMDAwMDAwLCJ1cGRhdGUiOjMwMDAwMDAwMDAwMH0sInNjaGVtYV92ZXJzaW9uIjoiMSJ9",
          "dependencies": [
            "module.ya_instance_1.data.yandex_compute_image.my_image",
            "yandex_vpc_network.network",
            "yandex_vpc_subnet.subnet1"
          ]
        }
      ]
    },
    {
      "module": "module.ya_instance_2",
      "mode": "data",
      "type": "yandex_compute_image",
      "name": "my_image",
      "provider": "provider[\"registry.terraform.io/yandex-cloud/yandex\"]",
      "instances": [
        {
          "schema_version": 0,
          "attributes": {
            "created_at": "2022-01-17T11:04:57Z",
            "description": "LAMP",
            "family": "lamp",
            "folder_id": "standard-images",
            "id": "fd8ssv6fqg0vo9cdu1c3",
            "image_id": "fd8ssv6fqg0vo9cdu1c3",
            "labels": {},
            "min_disk_size": 3,
            "name": "lamp-v20220117",
            "os_type": "linux",
            "product_ids": [
              "f2e22pojh0el8gbc16ja",
              "f2edagcg7bq833qm9j6u"
            ],
            "size": 2,
            "status": "ready"
          },
          "sensitive_attributes": []
        }
      ]
    },
    {
      "module": "module.ya_instance_2",
      "mode": "managed",
      "type": "yandex_compute_instance",
      "name": "vm",
      "provider": "provider[\"registry.terraform.io/yandex-cloud/yandex\"]",
      "instances": [
        {
          "schema_version": 1,
          "attributes": {
            "allow_stopping_for_update": null,
            "boot_disk": [
              {
                "auto_delete": true,
                "device_name": "fhmjac6c5vo21194ppg8",
                "disk_id": "fhmjac6c5vo21194ppg8",
                "initialize_params": [
                  {
                    "description": "",
                    "image_id": "fd8ssv6fqg0vo9cdu1c3",
                    "name": "",
                    "size": 3,
                    "snapshot_id": "",
                    "type": "network-hdd"
                  }
                ],
                "mode": "READ_WRITE"
              }
            ],
            "created_at": "2022-01-23T20:50:18Z",
            "description": "",
            "folder_id": "b1gp5oebhimfn6tvrb5k",
            "fqdn": "fhm5q1hg3ejd1a8o72on.auto.internal",
            "hostname": "fhm5q1hg3ejd1a8o72on",
            "id": "fhm5q1hg3ejd1a8o72on",
            "labels": {},
            "metadata": {
              "ssh-keys": "ubuntu:ssh-rsa AAAAB3NzaC1yc2EAAAADAQABAAABgQC5DsxusK6jfsI/vq9B7SqGJEp03qRiSeRrFUNLdIBR1O/XJfLWsTCjCRIawrcteW5tc3KQSYZwLx35PsbwTRtRjsCEersCfa33N8xHlxVe+Yts6rkH3JBrdSM0KFmU7rtJsVLYT37++cpOLn76ERIWa346V69ESPiMVpP+SvyZ7pHGzM/aJV0sBOx2ec/3R0F2bfOIpqYwvCT1o1U1bKdncI4eMwgOdwUNivPpY9L5MERWj3A4w0otc2RpV/1xc/VWFyGLJUpqyCGAbysh+8+XRU7rOqZ7Y3J+VJn9H3CafnAxRkOTLL7tGOu4Gozk4MEC40iNoqwskbM1nVxtp57T8OuHrsj+t5RCXB1fFvz5DTJ4JnO3hS49SO+Jutw+UwcF2nAHAgTYp0qra+2M33mpS8JZk6OO3xXJR9QGxCgFB/zem7fC/LG8Sva5TBaaY3K4vQahIHbHdS93HwYP8AO5BATThxUkIuw7jT/HTUeeCD37m99wutpylq5EKphBZ3k= ilia@winnie\n"
            },
            "name": "terraform-lamp",
            "network_acceleration_type": "standard",
            "network_interface": [
              {
                "dns_record": [],
                "index": 0,
                "ip_address": "192.168.10.20",
                "ipv4": true,
                "ipv6": false,
                "ipv6_address": "",
                "ipv6_dns_record": [],
                "mac_address": "d0:0d:5d:06:30:1b",
                "nat": true,
                "nat_dns_record": [],
                "nat_ip_address": "51.250.14.244",
                "nat_ip_version": "IPV4",
                "security_group_ids": [],
                "subnet_id": "e9b6up3c80ggip8u553l"
              }
            ],
            "placement_policy": [
              {
                "placement_group_id": ""
              }
            ],
            "platform_id": "standard-v1",
            "resources": [
              {
                "core_fraction": 100,
                "cores": 2,
                "gpus": 0,
                "memory": 2
              }
            ],
            "scheduling_policy": [
              {
                "preemptible": false
              }
            ],
            "secondary_disk": [],
            "service_account_id": "",
            "status": "running",
            "timeouts": null,
            "zone": "ru-central1-a"
          },
          "sensitive_attributes": [],
          "private": "eyJlMmJmYjczMC1lY2FhLTExZTYtOGY4OC0zNDM2M2JjN2M0YzAiOnsiY3JlYXRlIjozMDAwMDAwMDAwMDAsImRlbGV0ZSI6MzAwMDAwMDAwMDAwLCJ1cGRhdGUiOjMwMDAwMDAwMDAwMH0sInNjaGVtYV92ZXJzaW9uIjoiMSJ9",
          "dependencies": [
            "module.ya_instance_2.data.yandex_compute_image.my_image",
            "yandex_vpc_subnet.subnet2"
          ]
        }
      ]
    }
  ]
}
